// !$*UTF8*$!
{
	archiveVersion = 1;
	classes = {
	};
	objectVersion = 51;
	objects = {

/* Begin PBXBuildFile section */
		3A2624B42492E1410059DC6B /* b+s_variant2.png in Resources */ = {isa = PBXBuildFile; fileRef = 3A2624B32492E1410059DC6B /* b+s_variant2.png */; };
		3A2624B62493748B0059DC6B /* ActualFood.swift in Sources */ = {isa = PBXBuildFile; fileRef = 3A2624B52493748B0059DC6B /* ActualFood.swift */; };
		3A2624B824937AFF0059DC6B /* detailsViewController.swift in Sources */ = {isa = PBXBuildFile; fileRef = 3A2624B724937AFF0059DC6B /* detailsViewController.swift */; };
		3A304DBA2492BB7000A5C564 /* rsz_p-s_variant2.png in Resources */ = {isa = PBXBuildFile; fileRef = 3A304DB92492BB7000A5C564 /* rsz_p-s_variant2.png */; };
		3A304DBC2492C6BB00A5C564 /* infoViewController.swift in Sources */ = {isa = PBXBuildFile; fileRef = 3A304DBB2492C6BB00A5C564 /* infoViewController.swift */; };
		3A4F24CB24968D62009F9781 /* choiceViewController.swift in Sources */ = {isa = PBXBuildFile; fileRef = 3A4F24CA24968D62009F9781 /* choiceViewController.swift */; };
		3A582752249E154C00154AEF /* favouriteTableViewController.swift in Sources */ = {isa = PBXBuildFile; fileRef = 3A582751249E154C00154AEF /* favouriteTableViewController.swift */; };
		3A5872D6249B6F7B00820239 /* settingsTableViewController.swift in Sources */ = {isa = PBXBuildFile; fileRef = 3A5872D5249B6F7B00820239 /* settingsTableViewController.swift */; };
		3A731787249401BD001AC5EB /* 1.PNG in Resources */ = {isa = PBXBuildFile; fileRef = 3A731783249401BD001AC5EB /* 1.PNG */; };
		3A731788249401BD001AC5EB /* 2.PNG in Resources */ = {isa = PBXBuildFile; fileRef = 3A731784249401BD001AC5EB /* 2.PNG */; };
		3A731789249401BD001AC5EB /* 4.PNG in Resources */ = {isa = PBXBuildFile; fileRef = 3A731785249401BD001AC5EB /* 4.PNG */; };
		3A73178A249401BD001AC5EB /* 3.PNG in Resources */ = {isa = PBXBuildFile; fileRef = 3A731786249401BD001AC5EB /* 3.PNG */; };
		3A73178C24940EA4001AC5EB /* Settings.bundle in Resources */ = {isa = PBXBuildFile; fileRef = 3A73178B24940EA4001AC5EB /* Settings.bundle */; };
		3A73178E249412DD001AC5EB /* SettingsBundleHelper.swift in Sources */ = {isa = PBXBuildFile; fileRef = 3A73178D249412DD001AC5EB /* SettingsBundleHelper.swift */; };
		3AA0535124A5FE0C00061829 /* star.png in Resources */ = {isa = PBXBuildFile; fileRef = 3AA0534E24A5FE0C00061829 /* star.png */; };
		3AA0535224A5FE0C00061829 /* star.fill.png in Resources */ = {isa = PBXBuildFile; fileRef = 3AA0534F24A5FE0C00061829 /* star.fill.png */; };
		3AA0535324A5FE0C00061829 /* x.png in Resources */ = {isa = PBXBuildFile; fileRef = 3AA0535024A5FE0C00061829 /* x.png */; };
		3AA0535524A5FE1100061829 /* gear.png in Resources */ = {isa = PBXBuildFile; fileRef = 3AA0535424A5FE1100061829 /* gear.png */; };
		3AA0E81F248ECB2F0089537D /* AppDelegate.swift in Sources */ = {isa = PBXBuildFile; fileRef = 3AA0E81E248ECB2F0089537D /* AppDelegate.swift */; };
		3AA0E823248ECB2F0089537D /* ViewController.swift in Sources */ = {isa = PBXBuildFile; fileRef = 3AA0E822248ECB2F0089537D /* ViewController.swift */; };
		3AA0E826248ECB2F0089537D /* Main.storyboard in Resources */ = {isa = PBXBuildFile; fileRef = 3AA0E824248ECB2F0089537D /* Main.storyboard */; };
		3AA0E828248ECB350089537D /* Assets.xcassets in Resources */ = {isa = PBXBuildFile; fileRef = 3AA0E827248ECB350089537D /* Assets.xcassets */; };
		3AA0E82B248ECB350089537D /* LaunchScreen.storyboard in Resources */ = {isa = PBXBuildFile; fileRef = 3AA0E829248ECB350089537D /* LaunchScreen.storyboard */; };
		3AA0E836248ECB350089537D /* PickAFoodTests.swift in Sources */ = {isa = PBXBuildFile; fileRef = 3AA0E835248ECB350089537D /* PickAFoodTests.swift */; };
		3AA0E841248ECB350089537D /* PickAFoodUITests.swift in Sources */ = {isa = PBXBuildFile; fileRef = 3AA0E840248ECB350089537D /* PickAFoodUITests.swift */; };
		3AA0E854248ECF040089537D /* FontsFree-Net-SF-Pro-Rounded-Bold.ttf in Resources */ = {isa = PBXBuildFile; fileRef = 3AA0E853248ECF030089537D /* FontsFree-Net-SF-Pro-Rounded-Bold.ttf */; };
/* End PBXBuildFile section */

/* Begin PBXContainerItemProxy section */
		3AA0E832248ECB350089537D /* PBXContainerItemProxy */ = {
			isa = PBXContainerItemProxy;
			containerPortal = 3AA0E813248ECB2F0089537D /* Project object */;
			proxyType = 1;
			remoteGlobalIDString = 3AA0E81A248ECB2F0089537D;
			remoteInfo = PickAFood;
		};
		3AA0E83D248ECB350089537D /* PBXContainerItemProxy */ = {
			isa = PBXContainerItemProxy;
			containerPortal = 3AA0E813248ECB2F0089537D /* Project object */;
			proxyType = 1;
			remoteGlobalIDString = 3AA0E81A248ECB2F0089537D;
			remoteInfo = PickAFood;
		};
/* End PBXContainerItemProxy section */

/* Begin PBXCopyFilesBuildPhase section */
		3A40F5B824A67C070088BA47 /* Embed App Extensions */ = {
			isa = PBXCopyFilesBuildPhase;
			buildActionMask = 2147483647;
			dstPath = "";
			dstSubfolderSpec = 13;
			files = (
			);
			name = "Embed App Extensions";
			runOnlyForDeploymentPostprocessing = 0;
		};
/* End PBXCopyFilesBuildPhase section */

/* Begin PBXFileReference section */
		3A13267C249CEE4600DB8F29 /* PickADish.entitlements */ = {isa = PBXFileReference; lastKnownFileType = text.plist.entitlements; name = PickADish.entitlements; path = PickADish/PickADish.entitlements; sourceTree = "<group>"; };
		3A2624B32492E1410059DC6B /* b+s_variant2.png */ = {isa = PBXFileReference; lastKnownFileType = image.png; path = "b+s_variant2.png"; sourceTree = "<group>"; };
		3A2624B52493748B0059DC6B /* ActualFood.swift */ = {isa = PBXFileReference; lastKnownFileType = sourcecode.swift; name = ActualFood.swift; path = PickADish/ActualFood.swift; sourceTree = SOURCE_ROOT; };
		3A2624B724937AFF0059DC6B /* detailsViewController.swift */ = {isa = PBXFileReference; lastKnownFileType = sourcecode.swift; name = detailsViewController.swift; path = PickADish/ViewController/detailsViewController.swift; sourceTree = SOURCE_ROOT; };
		3A304DB92492BB7000A5C564 /* rsz_p-s_variant2.png */ = {isa = PBXFileReference; lastKnownFileType = image.png; name = "rsz_p-s_variant2.png"; path = "Graphismes/rsz_p-s_variant2.png"; sourceTree = SOURCE_ROOT; };
		3A304DBB2492C6BB00A5C564 /* infoViewController.swift */ = {isa = PBXFileReference; lastKnownFileType = sourcecode.swift; name = infoViewController.swift; path = PickADish/ViewController/infoViewController.swift; sourceTree = SOURCE_ROOT; };
		3A4F24CA24968D62009F9781 /* choiceViewController.swift */ = {isa = PBXFileReference; lastKnownFileType = sourcecode.swift; name = choiceViewController.swift; path = PickADish/ViewController/choiceViewController.swift; sourceTree = SOURCE_ROOT; };
		3A582751249E154C00154AEF /* favouriteTableViewController.swift */ = {isa = PBXFileReference; lastKnownFileType = sourcecode.swift; name = favouriteTableViewController.swift; path = PickADish/ViewController/favouriteTableViewController.swift; sourceTree = SOURCE_ROOT; };
		3A5872D5249B6F7B00820239 /* settingsTableViewController.swift */ = {isa = PBXFileReference; lastKnownFileType = sourcecode.swift; name = settingsTableViewController.swift; path = PickADish/ViewController/settingsTableViewController.swift; sourceTree = SOURCE_ROOT; };
		3A731783249401BD001AC5EB /* 1.PNG */ = {isa = PBXFileReference; lastKnownFileType = image.png; path = 1.PNG; sourceTree = "<group>"; };
		3A731784249401BD001AC5EB /* 2.PNG */ = {isa = PBXFileReference; lastKnownFileType = image.png; path = 2.PNG; sourceTree = "<group>"; };
		3A731785249401BD001AC5EB /* 4.PNG */ = {isa = PBXFileReference; lastKnownFileType = image.png; path = 4.PNG; sourceTree = "<group>"; };
		3A731786249401BD001AC5EB /* 3.PNG */ = {isa = PBXFileReference; lastKnownFileType = image.png; path = 3.PNG; sourceTree = "<group>"; };
		3A73178B24940EA4001AC5EB /* Settings.bundle */ = {isa = PBXFileReference; lastKnownFileType = "wrapper.plug-in"; name = Settings.bundle; path = PickADish/Settings.bundle; sourceTree = SOURCE_ROOT; };
		3A73178D249412DD001AC5EB /* SettingsBundleHelper.swift */ = {isa = PBXFileReference; lastKnownFileType = sourcecode.swift; name = SettingsBundleHelper.swift; path = PickADish/SettingsBundleHelper.swift; sourceTree = SOURCE_ROOT; };
		3A88DD9224A49B550099AD69 /* fr */ = {isa = PBXFileReference; lastKnownFileType = text.plist.strings; name = fr; path = fr.lproj/Main.strings; sourceTree = "<group>"; };
		3A88DD9324A49B550099AD69 /* fr */ = {isa = PBXFileReference; lastKnownFileType = text.plist.strings; name = fr; path = fr.lproj/LaunchScreen.strings; sourceTree = "<group>"; };
		3A93FD87249CA408005D0DB3 /* FontsFree-Net-SFProDisplay-Semibold.ttf */ = {isa = PBXFileReference; lastKnownFileType = file; path = "FontsFree-Net-SFProDisplay-Semibold.ttf"; sourceTree = "<group>"; };
		3A93FD88249CA470005D0DB3 /* FontsFree-Net-SFProDisplay-Bold.ttf */ = {isa = PBXFileReference; lastKnownFileType = file; path = "FontsFree-Net-SFProDisplay-Bold.ttf"; sourceTree = "<group>"; };
		3AA0534E24A5FE0C00061829 /* star.png */ = {isa = PBXFileReference; lastKnownFileType = image.png; name = star.png; path = Graphismes/star.png; sourceTree = SOURCE_ROOT; };
		3AA0534F24A5FE0C00061829 /* star.fill.png */ = {isa = PBXFileReference; lastKnownFileType = image.png; name = star.fill.png; path = Graphismes/star.fill.png; sourceTree = SOURCE_ROOT; };
		3AA0535024A5FE0C00061829 /* x.png */ = {isa = PBXFileReference; lastKnownFileType = image.png; name = x.png; path = Graphismes/x.png; sourceTree = SOURCE_ROOT; };
		3AA0535424A5FE1100061829 /* gear.png */ = {isa = PBXFileReference; lastKnownFileType = image.png; name = gear.png; path = Graphismes/gear.png; sourceTree = SOURCE_ROOT; };
		3AA0E81B248ECB2F0089537D /* PickADish.app */ = {isa = PBXFileReference; explicitFileType = wrapper.application; includeInIndex = 0; path = PickADish.app; sourceTree = BUILT_PRODUCTS_DIR; };
		3AA0E81E248ECB2F0089537D /* AppDelegate.swift */ = {isa = PBXFileReference; lastKnownFileType = sourcecode.swift; name = AppDelegate.swift; path = ../PickADish/AppDelegate.swift; sourceTree = "<group>"; };
		3AA0E822248ECB2F0089537D /* ViewController.swift */ = {isa = PBXFileReference; lastKnownFileType = sourcecode.swift; name = ViewController.swift; path = ../../PickADish/ViewController/ViewController.swift; sourceTree = "<group>"; };
		3AA0E825248ECB2F0089537D /* Base */ = {isa = PBXFileReference; lastKnownFileType = file.storyboard; name = Base; path = Base.lproj/Main.storyboard; sourceTree = "<group>"; };
		3AA0E827248ECB350089537D /* Assets.xcassets */ = {isa = PBXFileReference; lastKnownFileType = folder.assetcatalog; path = Assets.xcassets; sourceTree = "<group>"; };
		3AA0E82A248ECB350089537D /* Base */ = {isa = PBXFileReference; lastKnownFileType = file.storyboard; name = Base; path = Base.lproj/LaunchScreen.storyboard; sourceTree = "<group>"; };
		3AA0E82C248ECB350089537D /* Info.plist */ = {isa = PBXFileReference; lastKnownFileType = text.plist.xml; name = Info.plist; path = ../PickADish/Info.plist; sourceTree = "<group>"; };
		3AA0E831248ECB350089537D /* PickADishTests.xctest */ = {isa = PBXFileReference; explicitFileType = wrapper.cfbundle; includeInIndex = 0; path = PickADishTests.xctest; sourceTree = BUILT_PRODUCTS_DIR; };
		3AA0E835248ECB350089537D /* PickAFoodTests.swift */ = {isa = PBXFileReference; lastKnownFileType = sourcecode.swift; path = PickAFoodTests.swift; sourceTree = "<group>"; };
		3AA0E837248ECB350089537D /* Info.plist */ = {isa = PBXFileReference; lastKnownFileType = text.plist.xml; path = Info.plist; sourceTree = "<group>"; };
		3AA0E83C248ECB350089537D /* PickADishUITests.xctest */ = {isa = PBXFileReference; explicitFileType = wrapper.cfbundle; includeInIndex = 0; path = PickADishUITests.xctest; sourceTree = BUILT_PRODUCTS_DIR; };
		3AA0E840248ECB350089537D /* PickAFoodUITests.swift */ = {isa = PBXFileReference; lastKnownFileType = sourcecode.swift; path = PickAFoodUITests.swift; sourceTree = "<group>"; };
		3AA0E842248ECB350089537D /* Info.plist */ = {isa = PBXFileReference; lastKnownFileType = text.plist.xml; path = Info.plist; sourceTree = "<group>"; };
		3AA0E853248ECF030089537D /* FontsFree-Net-SF-Pro-Rounded-Bold.ttf */ = {isa = PBXFileReference; lastKnownFileType = file; name = "FontsFree-Net-SF-Pro-Rounded-Bold.ttf"; path = "../../PickADish/Fonts/FontsFree-Net-SF-Pro-Rounded-Bold.ttf"; sourceTree = "<group>"; };
/* End PBXFileReference section */

/* Begin PBXFrameworksBuildPhase section */
		3AA0E818248ECB2F0089537D /* Frameworks */ = {
			isa = PBXFrameworksBuildPhase;
			buildActionMask = 2147483647;
			files = (
			);
			runOnlyForDeploymentPostprocessing = 0;
		};
		3AA0E82E248ECB350089537D /* Frameworks */ = {
			isa = PBXFrameworksBuildPhase;
			buildActionMask = 2147483647;
			files = (
			);
			runOnlyForDeploymentPostprocessing = 0;
		};
		3AA0E839248ECB350089537D /* Frameworks */ = {
			isa = PBXFrameworksBuildPhase;
			buildActionMask = 2147483647;
			files = (
			);
			runOnlyForDeploymentPostprocessing = 0;
		};
/* End PBXFrameworksBuildPhase section */

/* Begin PBXGroup section */
		3A304DB82492BB5C00A5C564 /* Graphismes */ = {
			isa = PBXGroup;
			children = (
				3AA0535424A5FE1100061829 /* gear.png */,
				3AA0534F24A5FE0C00061829 /* star.fill.png */,
				3AA0534E24A5FE0C00061829 /* star.png */,
				3AA0535024A5FE0C00061829 /* x.png */,
				3A2624B32492E1410059DC6B /* b+s_variant2.png */,
				3A304DB92492BB7000A5C564 /* rsz_p-s_variant2.png */,
			);
			path = Graphismes;
			sourceTree = "<group>";
		};
		3A731782249401AE001AC5EB /* Tuto */ = {
			isa = PBXGroup;
			children = (
				3A731783249401BD001AC5EB /* 1.PNG */,
				3A731784249401BD001AC5EB /* 2.PNG */,
				3A731786249401BD001AC5EB /* 3.PNG */,
				3A731785249401BD001AC5EB /* 4.PNG */,
			);
			path = Tuto;
			sourceTree = "<group>";
		};
		3AA0E812248ECB2F0089537D = {
			isa = PBXGroup;
			children = (
				3A13267C249CEE4600DB8F29 /* PickADish.entitlements */,
				3AA0E81D248ECB2F0089537D /* PickADIsh */,
				3AA0E834248ECB350089537D /* PickADishTests */,
				3AA0E83F248ECB350089537D /* PickADishUITests */,
				3AA0E81C248ECB2F0089537D /* Products */,
				5E496712E6F05C100EB42CEE /* Frameworks */,
			);
			sourceTree = "<group>";
		};
		3AA0E81C248ECB2F0089537D /* Products */ = {
			isa = PBXGroup;
			children = (
				3AA0E81B248ECB2F0089537D /* PickADish.app */,
				3AA0E831248ECB350089537D /* PickADishTests.xctest */,
				3AA0E83C248ECB350089537D /* PickADishUITests.xctest */,
			);
			name = Products;
			sourceTree = "<group>";
		};
		3AA0E81D248ECB2F0089537D /* PickADIsh */ = {
			isa = PBXGroup;
			children = (
				3A731782249401AE001AC5EB /* Tuto */,
				3A304DB82492BB5C00A5C564 /* Graphismes */,
				3AA0E84F248ECE880089537D /* Fonts */,
				3AA0E84E248ECCFC0089537D /* ViewController */,
				3AA0E81E248ECB2F0089537D /* AppDelegate.swift */,
				3AA0E824248ECB2F0089537D /* Main.storyboard */,
				3AA0E827248ECB350089537D /* Assets.xcassets */,
				3AA0E829248ECB350089537D /* LaunchScreen.storyboard */,
				3AA0E82C248ECB350089537D /* Info.plist */,
				3A2624B52493748B0059DC6B /* ActualFood.swift */,
				3A73178B24940EA4001AC5EB /* Settings.bundle */,
				3A73178D249412DD001AC5EB /* SettingsBundleHelper.swift */,
			);
			path = PickADIsh;
			sourceTree = "<group>";
		};
		3AA0E834248ECB350089537D /* PickADishTests */ = {
			isa = PBXGroup;
			children = (
				3AA0E835248ECB350089537D /* PickAFoodTests.swift */,
				3AA0E837248ECB350089537D /* Info.plist */,
			);
			path = PickADishTests;
			sourceTree = "<group>";
		};
		3AA0E83F248ECB350089537D /* PickADishUITests */ = {
			isa = PBXGroup;
			children = (
				3AA0E840248ECB350089537D /* PickAFoodUITests.swift */,
				3AA0E842248ECB350089537D /* Info.plist */,
			);
			path = PickADishUITests;
			sourceTree = "<group>";
		};
		3AA0E84E248ECCFC0089537D /* ViewController */ = {
			isa = PBXGroup;
			children = (
				3AA0E822248ECB2F0089537D /* ViewController.swift */,
				3A304DBB2492C6BB00A5C564 /* infoViewController.swift */,
				3A2624B724937AFF0059DC6B /* detailsViewController.swift */,
				3A4F24CA24968D62009F9781 /* choiceViewController.swift */,
				3A5872D5249B6F7B00820239 /* settingsTableViewController.swift */,
				3A582751249E154C00154AEF /* favouriteTableViewController.swift */,
			);
			path = ViewController;
			sourceTree = "<group>";
		};
		3AA0E84F248ECE880089537D /* Fonts */ = {
			isa = PBXGroup;
			children = (
				3A93FD88249CA470005D0DB3 /* FontsFree-Net-SFProDisplay-Bold.ttf */,
				3A93FD87249CA408005D0DB3 /* FontsFree-Net-SFProDisplay-Semibold.ttf */,
				3AA0E853248ECF030089537D /* FontsFree-Net-SF-Pro-Rounded-Bold.ttf */,
			);
			path = Fonts;
			sourceTree = "<group>";
		};
		5E496712E6F05C100EB42CEE /* Frameworks */ = {
			isa = PBXGroup;
			children = (
			);
			name = Frameworks;
			sourceTree = "<group>";
		};
/* End PBXGroup section */

/* Begin PBXNativeTarget section */
		3AA0E81A248ECB2F0089537D /* PickADish */ = {
			isa = PBXNativeTarget;
			buildConfigurationList = 3AA0E845248ECB350089537D /* Build configuration list for PBXNativeTarget "PickADish" */;
			buildPhases = (
				3AA0E817248ECB2F0089537D /* Sources */,
				3AA0E818248ECB2F0089537D /* Frameworks */,
				3AA0E819248ECB2F0089537D /* Resources */,
				3A40F5B824A67C070088BA47 /* Embed App Extensions */,
			);
			buildRules = (
			);
			dependencies = (
			);
			name = PickADish;
			productName = PickAFood;
			productReference = 3AA0E81B248ECB2F0089537D /* PickADish.app */;
			productType = "com.apple.product-type.application";
		};
		3AA0E830248ECB350089537D /* PickADishTests */ = {
			isa = PBXNativeTarget;
			buildConfigurationList = 3AA0E848248ECB350089537D /* Build configuration list for PBXNativeTarget "PickADishTests" */;
			buildPhases = (
				6D2DD734B157470DA576D22A /* [CP] Check Pods Manifest.lock */,
				3AA0E82D248ECB350089537D /* Sources */,
				3AA0E82E248ECB350089537D /* Frameworks */,
				3AA0E82F248ECB350089537D /* Resources */,
			);
			buildRules = (
			);
			dependencies = (
				3AA0E833248ECB350089537D /* PBXTargetDependency */,
			);
			name = PickADishTests;
			productName = PickAFoodTests;
			productReference = 3AA0E831248ECB350089537D /* PickADishTests.xctest */;
			productType = "com.apple.product-type.bundle.unit-test";
		};
		3AA0E83B248ECB350089537D /* PickADishUITests */ = {
			isa = PBXNativeTarget;
			buildConfigurationList = 3AA0E84B248ECB350089537D /* Build configuration list for PBXNativeTarget "PickADishUITests" */;
			buildPhases = (
				FF431A508D1B7F5C3083C2F1 /* [CP] Check Pods Manifest.lock */,
				3AA0E838248ECB350089537D /* Sources */,
				3AA0E839248ECB350089537D /* Frameworks */,
				3AA0E83A248ECB350089537D /* Resources */,
				7270EBF3DB36C5FEE3CACC24 /* [CP] Embed Pods Frameworks */,
			);
			buildRules = (
			);
			dependencies = (
				3AA0E83E248ECB350089537D /* PBXTargetDependency */,
			);
			name = PickADishUITests;
			productName = PickAFoodUITests;
			productReference = 3AA0E83C248ECB350089537D /* PickADishUITests.xctest */;
			productType = "com.apple.product-type.bundle.ui-testing";
		};
/* End PBXNativeTarget section */

/* Begin PBXProject section */
		3AA0E813248ECB2F0089537D /* Project object */ = {
			isa = PBXProject;
			attributes = {
				LastSwiftUpdateCheck = 1150;
				LastUpgradeCheck = 1150;
				ORGANIZATIONNAME = "Bruno Paiva";
				TargetAttributes = {
					3AA0E81A248ECB2F0089537D = {
						CreatedOnToolsVersion = 11.5;
					};
					3AA0E830248ECB350089537D = {
						CreatedOnToolsVersion = 11.5;
						TestTargetID = 3AA0E81A248ECB2F0089537D;
					};
					3AA0E83B248ECB350089537D = {
						CreatedOnToolsVersion = 11.5;
						TestTargetID = 3AA0E81A248ECB2F0089537D;
					};
				};
			};
			buildConfigurationList = 3AA0E816248ECB2F0089537D /* Build configuration list for PBXProject "PickADish" */;
			compatibilityVersion = "Xcode 9.3";
			developmentRegion = en;
			hasScannedForEncodings = 0;
			knownRegions = (
				en,
				Base,
				fr,
			);
			mainGroup = 3AA0E812248ECB2F0089537D;
			productRefGroup = 3AA0E81C248ECB2F0089537D /* Products */;
			projectDirPath = "";
			projectRoot = "";
			targets = (
				3AA0E81A248ECB2F0089537D /* PickADish */,
				3AA0E830248ECB350089537D /* PickADishTests */,
				3AA0E83B248ECB350089537D /* PickADishUITests */,
			);
		};
/* End PBXProject section */

/* Begin PBXResourcesBuildPhase section */
		3AA0E819248ECB2F0089537D /* Resources */ = {
			isa = PBXResourcesBuildPhase;
			buildActionMask = 2147483647;
			files = (
				3AA0E82B248ECB350089537D /* LaunchScreen.storyboard in Resources */,
				3A73178A249401BD001AC5EB /* 3.PNG in Resources */,
				3AA0535324A5FE0C00061829 /* x.png in Resources */,
				3A2624B42492E1410059DC6B /* b+s_variant2.png in Resources */,
				3AA0E854248ECF040089537D /* FontsFree-Net-SF-Pro-Rounded-Bold.ttf in Resources */,
				3AA0E828248ECB350089537D /* Assets.xcassets in Resources */,
				3AA0535124A5FE0C00061829 /* star.png in Resources */,
				3A304DBA2492BB7000A5C564 /* rsz_p-s_variant2.png in Resources */,
				3A731789249401BD001AC5EB /* 4.PNG in Resources */,
				3AA0E826248ECB2F0089537D /* Main.storyboard in Resources */,
				3A731788249401BD001AC5EB /* 2.PNG in Resources */,
				3AA0535524A5FE1100061829 /* gear.png in Resources */,
				3A73178C24940EA4001AC5EB /* Settings.bundle in Resources */,
				3A731787249401BD001AC5EB /* 1.PNG in Resources */,
				3AA0535224A5FE0C00061829 /* star.fill.png in Resources */,
			);
			runOnlyForDeploymentPostprocessing = 0;
		};
		3AA0E82F248ECB350089537D /* Resources */ = {
			isa = PBXResourcesBuildPhase;
			buildActionMask = 2147483647;
			files = (
			);
			runOnlyForDeploymentPostprocessing = 0;
		};
		3AA0E83A248ECB350089537D /* Resources */ = {
			isa = PBXResourcesBuildPhase;
			buildActionMask = 2147483647;
			files = (
			);
			runOnlyForDeploymentPostprocessing = 0;
		};
/* End PBXResourcesBuildPhase section */

/* Begin PBXShellScriptBuildPhase section */
		6D2DD734B157470DA576D22A /* [CP] Check Pods Manifest.lock */ = {
			isa = PBXShellScriptBuildPhase;
			buildActionMask = 2147483647;
			files = (
			);
			inputFileListPaths = (
			);
			inputPaths = (
				"${PODS_PODFILE_DIR_PATH}/Podfile.lock",
				"${PODS_ROOT}/Manifest.lock",
			);
			name = "[CP] Check Pods Manifest.lock";
			outputFileListPaths = (
			);
			outputPaths = (
				"$(DERIVED_FILE_DIR)/Pods-PickADishTests-checkManifestLockResult.txt",
			);
			runOnlyForDeploymentPostprocessing = 0;
			shellPath = /bin/sh;
			shellScript = "diff \"${PODS_PODFILE_DIR_PATH}/Podfile.lock\" \"${PODS_ROOT}/Manifest.lock\" > /dev/null\nif [ $? != 0 ] ; then\n    # print error to STDERR\n    echo \"error: The sandbox is not in sync with the Podfile.lock. Run 'pod install' or update your CocoaPods installation.\" >&2\n    exit 1\nfi\n# This output is used by Xcode 'outputs' to avoid re-running this script phase.\necho \"SUCCESS\" > \"${SCRIPT_OUTPUT_FILE_0}\"\n";
			showEnvVarsInLog = 0;
		};
		7270EBF3DB36C5FEE3CACC24 /* [CP] Embed Pods Frameworks */ = {
			isa = PBXShellScriptBuildPhase;
			buildActionMask = 2147483647;
			files = (
			);
			inputFileListPaths = (
				"${PODS_ROOT}/Target Support Files/Pods-PickADish-PickADishUITests/Pods-PickADish-PickADishUITests-frameworks-${CONFIGURATION}-input-files.xcfilelist",
			);
			name = "[CP] Embed Pods Frameworks";
			outputFileListPaths = (
				"${PODS_ROOT}/Target Support Files/Pods-PickADish-PickADishUITests/Pods-PickADish-PickADishUITests-frameworks-${CONFIGURATION}-output-files.xcfilelist",
			);
			runOnlyForDeploymentPostprocessing = 0;
			shellPath = /bin/sh;
			shellScript = "\"${PODS_ROOT}/Target Support Files/Pods-PickADish-PickADishUITests/Pods-PickADish-PickADishUITests-frameworks.sh\"\n";
			showEnvVarsInLog = 0;
		};
		FF431A508D1B7F5C3083C2F1 /* [CP] Check Pods Manifest.lock */ = {
			isa = PBXShellScriptBuildPhase;
			buildActionMask = 2147483647;
			files = (
			);
			inputFileListPaths = (
			);
			inputPaths = (
				"${PODS_PODFILE_DIR_PATH}/Podfile.lock",
				"${PODS_ROOT}/Manifest.lock",
			);
			name = "[CP] Check Pods Manifest.lock";
			outputFileListPaths = (
			);
			outputPaths = (
				"$(DERIVED_FILE_DIR)/Pods-PickADish-PickADishUITests-checkManifestLockResult.txt",
			);
			runOnlyForDeploymentPostprocessing = 0;
			shellPath = /bin/sh;
			shellScript = "diff \"${PODS_PODFILE_DIR_PATH}/Podfile.lock\" \"${PODS_ROOT}/Manifest.lock\" > /dev/null\nif [ $? != 0 ] ; then\n    # print error to STDERR\n    echo \"error: The sandbox is not in sync with the Podfile.lock. Run 'pod install' or update your CocoaPods installation.\" >&2\n    exit 1\nfi\n# This output is used by Xcode 'outputs' to avoid re-running this script phase.\necho \"SUCCESS\" > \"${SCRIPT_OUTPUT_FILE_0}\"\n";
			showEnvVarsInLog = 0;
		};
/* End PBXShellScriptBuildPhase section */

/* Begin PBXSourcesBuildPhase section */
		3AA0E817248ECB2F0089537D /* Sources */ = {
			isa = PBXSourcesBuildPhase;
			buildActionMask = 2147483647;
			files = (
				3A73178E249412DD001AC5EB /* SettingsBundleHelper.swift in Sources */,
				3AA0E823248ECB2F0089537D /* ViewController.swift in Sources */,
				3A5872D6249B6F7B00820239 /* settingsTableViewController.swift in Sources */,
				3A4F24CB24968D62009F9781 /* choiceViewController.swift in Sources */,
				3A582752249E154C00154AEF /* favouriteTableViewController.swift in Sources */,
				3A2624B824937AFF0059DC6B /* detailsViewController.swift in Sources */,
				3A2624B62493748B0059DC6B /* ActualFood.swift in Sources */,
				3AA0E81F248ECB2F0089537D /* AppDelegate.swift in Sources */,
				3A304DBC2492C6BB00A5C564 /* infoViewController.swift in Sources */,
			);
			runOnlyForDeploymentPostprocessing = 0;
		};
		3AA0E82D248ECB350089537D /* Sources */ = {
			isa = PBXSourcesBuildPhase;
			buildActionMask = 2147483647;
			files = (
				3AA0E836248ECB350089537D /* PickAFoodTests.swift in Sources */,
			);
			runOnlyForDeploymentPostprocessing = 0;
		};
		3AA0E838248ECB350089537D /* Sources */ = {
			isa = PBXSourcesBuildPhase;
			buildActionMask = 2147483647;
			files = (
				3AA0E841248ECB350089537D /* PickAFoodUITests.swift in Sources */,
			);
			runOnlyForDeploymentPostprocessing = 0;
		};
/* End PBXSourcesBuildPhase section */

/* Begin PBXTargetDependency section */
		3AA0E833248ECB350089537D /* PBXTargetDependency */ = {
			isa = PBXTargetDependency;
			target = 3AA0E81A248ECB2F0089537D /* PickADish */;
			targetProxy = 3AA0E832248ECB350089537D /* PBXContainerItemProxy */;
		};
		3AA0E83E248ECB350089537D /* PBXTargetDependency */ = {
			isa = PBXTargetDependency;
			target = 3AA0E81A248ECB2F0089537D /* PickADish */;
			targetProxy = 3AA0E83D248ECB350089537D /* PBXContainerItemProxy */;
		};
/* End PBXTargetDependency section */

/* Begin PBXVariantGroup section */
		3AA0E824248ECB2F0089537D /* Main.storyboard */ = {
			isa = PBXVariantGroup;
			children = (
				3AA0E825248ECB2F0089537D /* Base */,
				3A88DD9224A49B550099AD69 /* fr */,
			);
			name = Main.storyboard;
			path = ../PickADish;
			sourceTree = "<group>";
		};
		3AA0E829248ECB350089537D /* LaunchScreen.storyboard */ = {
			isa = PBXVariantGroup;
			children = (
				3AA0E82A248ECB350089537D /* Base */,
				3A88DD9324A49B550099AD69 /* fr */,
			);
			name = LaunchScreen.storyboard;
			path = ../PickADish;
			sourceTree = "<group>";
		};
/* End PBXVariantGroup section */

/* Begin XCBuildConfiguration section */
		3AA0E843248ECB350089537D /* Debug */ = {
			isa = XCBuildConfiguration;
			buildSettings = {
				ALWAYS_SEARCH_USER_PATHS = NO;
				CLANG_ANALYZER_LOCALIZABILITY_NONLOCALIZED = YES;
				CLANG_ANALYZER_NONNULL = YES;
				CLANG_ANALYZER_NUMBER_OBJECT_CONVERSION = YES_AGGRESSIVE;
				CLANG_CXX_LANGUAGE_STANDARD = "gnu++14";
				CLANG_CXX_LIBRARY = "libc++";
				CLANG_ENABLE_MODULES = YES;
				CLANG_ENABLE_OBJC_ARC = YES;
				CLANG_ENABLE_OBJC_WEAK = YES;
				CLANG_WARN_BLOCK_CAPTURE_AUTORELEASING = YES;
				CLANG_WARN_BOOL_CONVERSION = YES;
				CLANG_WARN_COMMA = YES;
				CLANG_WARN_CONSTANT_CONVERSION = YES;
				CLANG_WARN_DEPRECATED_OBJC_IMPLEMENTATIONS = YES;
				CLANG_WARN_DIRECT_OBJC_ISA_USAGE = YES_ERROR;
				CLANG_WARN_DOCUMENTATION_COMMENTS = YES;
				CLANG_WARN_EMPTY_BODY = YES;
				CLANG_WARN_ENUM_CONVERSION = YES;
				CLANG_WARN_INFINITE_RECURSION = YES;
				CLANG_WARN_INT_CONVERSION = YES;
				CLANG_WARN_NON_LITERAL_NULL_CONVERSION = YES;
				CLANG_WARN_OBJC_IMPLICIT_RETAIN_SELF = YES;
				CLANG_WARN_OBJC_LITERAL_CONVERSION = YES;
				CLANG_WARN_OBJC_ROOT_CLASS = YES_ERROR;
				CLANG_WARN_RANGE_LOOP_ANALYSIS = YES;
				CLANG_WARN_STRICT_PROTOTYPES = YES;
				CLANG_WARN_SUSPICIOUS_MOVE = YES;
				CLANG_WARN_UNGUARDED_AVAILABILITY = YES_AGGRESSIVE;
				CLANG_WARN_UNREACHABLE_CODE = YES;
				CLANG_WARN__DUPLICATE_METHOD_MATCH = YES;
				COPY_PHASE_STRIP = NO;
				DEBUG_INFORMATION_FORMAT = dwarf;
				ENABLE_STRICT_OBJC_MSGSEND = YES;
				ENABLE_TESTABILITY = YES;
				GCC_C_LANGUAGE_STANDARD = gnu11;
				GCC_DYNAMIC_NO_PIC = NO;
				GCC_NO_COMMON_BLOCKS = YES;
				GCC_OPTIMIZATION_LEVEL = 0;
				GCC_PREPROCESSOR_DEFINITIONS = (
					"DEBUG=1",
					"$(inherited)",
				);
				GCC_WARN_64_TO_32_BIT_CONVERSION = YES;
				GCC_WARN_ABOUT_RETURN_TYPE = YES_ERROR;
				GCC_WARN_UNDECLARED_SELECTOR = YES;
				GCC_WARN_UNINITIALIZED_AUTOS = YES_AGGRESSIVE;
				GCC_WARN_UNUSED_FUNCTION = YES;
				GCC_WARN_UNUSED_VARIABLE = YES;
				IPHONEOS_DEPLOYMENT_TARGET = 13.5;
				MTL_ENABLE_DEBUG_INFO = INCLUDE_SOURCE;
				MTL_FAST_MATH = YES;
				ONLY_ACTIVE_ARCH = YES;
				SDKROOT = iphoneos;
				SWIFT_ACTIVE_COMPILATION_CONDITIONS = DEBUG;
				SWIFT_OPTIMIZATION_LEVEL = "-Onone";
			};
			name = Debug;
		};
		3AA0E844248ECB350089537D /* Release */ = {
			isa = XCBuildConfiguration;
			buildSettings = {
				ALWAYS_SEARCH_USER_PATHS = NO;
				CLANG_ANALYZER_LOCALIZABILITY_NONLOCALIZED = YES;
				CLANG_ANALYZER_NONNULL = YES;
				CLANG_ANALYZER_NUMBER_OBJECT_CONVERSION = YES_AGGRESSIVE;
				CLANG_CXX_LANGUAGE_STANDARD = "gnu++14";
				CLANG_CXX_LIBRARY = "libc++";
				CLANG_ENABLE_MODULES = YES;
				CLANG_ENABLE_OBJC_ARC = YES;
				CLANG_ENABLE_OBJC_WEAK = YES;
				CLANG_WARN_BLOCK_CAPTURE_AUTORELEASING = YES;
				CLANG_WARN_BOOL_CONVERSION = YES;
				CLANG_WARN_COMMA = YES;
				CLANG_WARN_CONSTANT_CONVERSION = YES;
				CLANG_WARN_DEPRECATED_OBJC_IMPLEMENTATIONS = YES;
				CLANG_WARN_DIRECT_OBJC_ISA_USAGE = YES_ERROR;
				CLANG_WARN_DOCUMENTATION_COMMENTS = YES;
				CLANG_WARN_EMPTY_BODY = YES;
				CLANG_WARN_ENUM_CONVERSION = YES;
				CLANG_WARN_INFINITE_RECURSION = YES;
				CLANG_WARN_INT_CONVERSION = YES;
				CLANG_WARN_NON_LITERAL_NULL_CONVERSION = YES;
				CLANG_WARN_OBJC_IMPLICIT_RETAIN_SELF = YES;
				CLANG_WARN_OBJC_LITERAL_CONVERSION = YES;
				CLANG_WARN_OBJC_ROOT_CLASS = YES_ERROR;
				CLANG_WARN_RANGE_LOOP_ANALYSIS = YES;
				CLANG_WARN_STRICT_PROTOTYPES = YES;
				CLANG_WARN_SUSPICIOUS_MOVE = YES;
				CLANG_WARN_UNGUARDED_AVAILABILITY = YES_AGGRESSIVE;
				CLANG_WARN_UNREACHABLE_CODE = YES;
				CLANG_WARN__DUPLICATE_METHOD_MATCH = YES;
				COPY_PHASE_STRIP = NO;
				DEBUG_INFORMATION_FORMAT = "dwarf-with-dsym";
				ENABLE_NS_ASSERTIONS = NO;
				ENABLE_STRICT_OBJC_MSGSEND = YES;
				GCC_C_LANGUAGE_STANDARD = gnu11;
				GCC_NO_COMMON_BLOCKS = YES;
				GCC_WARN_64_TO_32_BIT_CONVERSION = YES;
				GCC_WARN_ABOUT_RETURN_TYPE = YES_ERROR;
				GCC_WARN_UNDECLARED_SELECTOR = YES;
				GCC_WARN_UNINITIALIZED_AUTOS = YES_AGGRESSIVE;
				GCC_WARN_UNUSED_FUNCTION = YES;
				GCC_WARN_UNUSED_VARIABLE = YES;
				IPHONEOS_DEPLOYMENT_TARGET = 13.5;
				MTL_ENABLE_DEBUG_INFO = NO;
				MTL_FAST_MATH = YES;
				SDKROOT = iphoneos;
				SWIFT_COMPILATION_MODE = wholemodule;
				SWIFT_OPTIMIZATION_LEVEL = "-O";
				VALIDATE_PRODUCT = YES;
			};
			name = Release;
		};
		3AA0E846248ECB350089537D /* Debug */ = {
			isa = XCBuildConfiguration;
			buildSettings = {
				ASSETCATALOG_COMPILER_APPICON_NAME = AppIcon;
				CODE_SIGN_ENTITLEMENTS = PickADish/PickADish.entitlements;
				CODE_SIGN_IDENTITY = "Apple Development";
				"CODE_SIGN_IDENTITY[sdk=macosx*]" = "Apple Development";
				CODE_SIGN_STYLE = Automatic;
				CURRENT_PROJECT_VERSION = 5;
				DEVELOPMENT_TEAM = 7UMJV7PGVT;
				INFOPLIST_FILE = PickADish/Info.plist;
				IPHONEOS_DEPLOYMENT_TARGET = 11.0;
				LD_RUNPATH_SEARCH_PATHS = (
					"$(inherited)",
					"@executable_path/Frameworks",
				);
				MARKETING_VERSION = 1.2;
				PRODUCT_BUNDLE_IDENTIFIER = ch.brunopaiva.pickadish;
				PRODUCT_NAME = PickADish;
				PROVISIONING_PROFILE_SPECIFIER = "";
				"PROVISIONING_PROFILE_SPECIFIER[sdk=macosx*]" = "";
				SUPPORTS_MACCATALYST = YES;
				SWIFT_VERSION = 5.0;
				TARGETED_DEVICE_FAMILY = "1,2";
			};
			name = Debug;
		};
		3AA0E847248ECB350089537D /* Release */ = {
			isa = XCBuildConfiguration;
			buildSettings = {
				ASSETCATALOG_COMPILER_APPICON_NAME = AppIcon;
				CODE_SIGN_ENTITLEMENTS = PickADish/PickADishRelease.entitlements;
				CODE_SIGN_IDENTITY = "Apple Development";
				"CODE_SIGN_IDENTITY[sdk=macosx*]" = "-";
				CODE_SIGN_STYLE = Automatic;
				CURRENT_PROJECT_VERSION = 5;
				DEVELOPMENT_TEAM = 7UMJV7PGVT;
				INFOPLIST_FILE = PickADish/Info.plist;
				IPHONEOS_DEPLOYMENT_TARGET = 11.0;
				LD_RUNPATH_SEARCH_PATHS = (
					"$(inherited)",
					"@executable_path/Frameworks",
				);
				MARKETING_VERSION = 1.2;
				PRODUCT_BUNDLE_IDENTIFIER = ch.brunopaiva.pickadish;
				PRODUCT_NAME = PickADish;
				PROVISIONING_PROFILE_SPECIFIER = "";
				"PROVISIONING_PROFILE_SPECIFIER[sdk=macosx*]" = "";
				SUPPORTS_MACCATALYST = YES;
				SWIFT_VERSION = 5.0;
				TARGETED_DEVICE_FAMILY = "1,2";
			};
			name = Release;
		};
		3AA0E849248ECB350089537D /* Debug */ = {
			isa = XCBuildConfiguration;
			buildSettings = {
				ALWAYS_EMBED_SWIFT_STANDARD_LIBRARIES = YES;
				BUNDLE_LOADER = "$(TEST_HOST)";
				CODE_SIGN_STYLE = Automatic;
				INFOPLIST_FILE = PickAFoodTests/Info.plist;
				IPHONEOS_DEPLOYMENT_TARGET = 13.5;
				LD_RUNPATH_SEARCH_PATHS = (
					"$(inherited)",
					"@executable_path/Frameworks",
					"@loader_path/Frameworks",
				);
				PRODUCT_BUNDLE_IDENTIFIER = ch.brunopaiva.PickAFoodTests;
				PRODUCT_NAME = "$(TARGET_NAME)";
				SWIFT_VERSION = 5.0;
				TARGETED_DEVICE_FAMILY = "1,2";
				TEST_HOST = "$(BUILT_PRODUCTS_DIR)/PickADish.app/PickADish";
			};
			name = Debug;
		};
		3AA0E84A248ECB350089537D /* Release */ = {
			isa = XCBuildConfiguration;
			buildSettings = {
				ALWAYS_EMBED_SWIFT_STANDARD_LIBRARIES = YES;
				BUNDLE_LOADER = "$(TEST_HOST)";
				CODE_SIGN_STYLE = Automatic;
				INFOPLIST_FILE = PickAFoodTests/Info.plist;
				IPHONEOS_DEPLOYMENT_TARGET = 13.5;
				LD_RUNPATH_SEARCH_PATHS = (
					"$(inherited)",
					"@executable_path/Frameworks",
					"@loader_path/Frameworks",
				);
				PRODUCT_BUNDLE_IDENTIFIER = ch.brunopaiva.PickAFoodTests;
				PRODUCT_NAME = "$(TARGET_NAME)";
				SWIFT_VERSION = 5.0;
				TARGETED_DEVICE_FAMILY = "1,2";
				TEST_HOST = "$(BUILT_PRODUCTS_DIR)/PickADish.app/PickADish";
			};
			name = Release;
		};
		3AA0E84C248ECB350089537D /* Debug */ = {
			isa = XCBuildConfiguration;
			buildSettings = {
				ALWAYS_EMBED_SWIFT_STANDARD_LIBRARIES = YES;
				CODE_SIGN_STYLE = Automatic;
				INFOPLIST_FILE = PickAFoodUITests/Info.plist;
				LD_RUNPATH_SEARCH_PATHS = (
					"$(inherited)",
					"@executable_path/Frameworks",
					"@loader_path/Frameworks",
				);
				PRODUCT_BUNDLE_IDENTIFIER = ch.brunopaiva.PickAFoodUITests;
				PRODUCT_NAME = "$(TARGET_NAME)";
				SWIFT_VERSION = 5.0;
				TARGETED_DEVICE_FAMILY = "1,2";
				TEST_TARGET_NAME = PickAFood;
			};
			name = Debug;
		};
		3AA0E84D248ECB350089537D /* Release */ = {
			isa = XCBuildConfiguration;
			buildSettings = {
				ALWAYS_EMBED_SWIFT_STANDARD_LIBRARIES = YES;
				CODE_SIGN_STYLE = Automatic;
				INFOPLIST_FILE = PickAFoodUITests/Info.plist;
				LD_RUNPATH_SEARCH_PATHS = (
					"$(inherited)",
					"@executable_path/Frameworks",
					"@loader_path/Frameworks",
				);
				PRODUCT_BUNDLE_IDENTIFIER = ch.brunopaiva.PickAFoodUITests;
				PRODUCT_NAME = "$(TARGET_NAME)";
				SWIFT_VERSION = 5.0;
				TARGETED_DEVICE_FAMILY = "1,2";
				TEST_TARGET_NAME = PickAFood;
			};
			name = Release;
		};
/* End XCBuildConfiguration section */

/* Begin XCConfigurationList section */
		3AA0E816248ECB2F0089537D /* Build configuration list for PBXProject "PickADish" */ = {
			isa = XCConfigurationList;
			buildConfigurations = (
				3AA0E843248ECB350089537D /* Debug */,
				3AA0E844248ECB350089537D /* Release */,
			);
			defaultConfigurationIsVisible = 0;
			defaultConfigurationName = Release;
		};
		3AA0E845248ECB350089537D /* Build configuration list for PBXNativeTarget "PickADish" */ = {
			isa = XCConfigurationList;
			buildConfigurations = (
				3AA0E846248ECB350089537D /* Debug */,
				3AA0E847248ECB350089537D /* Release */,
			);
			defaultConfigurationIsVisible = 0;
			defaultConfigurationName = Release;
		};
		3AA0E848248ECB350089537D /* Build configuration list for PBXNativeTarget "PickADishTests" */ = {
			isa = XCConfigurationList;
			buildConfigurations = (
				3AA0E849248ECB350089537D /* Debug */,
				3AA0E84A248ECB350089537D /* Release */,
			);
			defaultConfigurationIsVisible = 0;
			defaultConfigurationName = Release;
		};
		3AA0E84B248ECB350089537D /* Build configuration list for PBXNativeTarget "PickADishUITests" */ = {
			isa = XCConfigurationList;
			buildConfigurations = (
				3AA0E84C248ECB350089537D /* Debug */,
				3AA0E84D248ECB350089537D /* Release */,
			);
			defaultConfigurationIsVisible = 0;
			defaultConfigurationName = Release;
		};
/* End XCConfigurationList section */
	};
	rootObject = 3AA0E813248ECB2F0089537D /* Project object */;
}
